github.com/davecgh/go-spew v1.1.1 h1:vj9j/u1bqnvCEfJOwUhtlOARqs3+rkHYY13jYWTU97c=
github.com/disgoorg/disgo v0.16.9 h1:QkdfM930SSi/p5TaJF2/BxjUKPQVcA3zu6sGtocSUhg=
github.com/disgoorg/disgo v0.16.9/go.mod h1:QnvUII334g/LJzjOmhYGCJzbl38Og83iXCEe28DklVM=
github.com/disgoorg/json v1.1.0 h1:7xigHvomlVA9PQw9bMGO02PHGJJPqvX5AnwlYg/Tnys=
github.com/disgoorg/json v1.1.0/go.mod h1:BHDwdde0rpQFDVsRLKhma6Y7fTbQKub/zdGO5O9NqqA=
github.com/disgoorg/log v1.2.1 h1:kZYAWkUBcGy4LbZcgYtgYu49xNVLy+xG5Uq3yz5VVQs=
github.com/disgoorg/log v1.2.1/go.mod h1:hhQWYTFTnIGzAuFPZyXJEi11IBm9wq+/TVZt/FEwX0o=
github.com/disgoorg/snowflake/v2 v2.0.1 h1:CuUxGLwggUxEswZOmZ+mZ5i0xSumQdXW9tXW7uGqe+0=
github.com/disgoorg/snowflake/v2 v2.0.1/go.mod h1:SPU9c2CNn5DSyb86QcKtdZgix9osEtKrHLW4rMhfLCs=
github.com/eclipse/paho.mqtt.golang v1.4.3 h1:2kwcUGn8seMUfWndX0hGbvH8r7crgcJguQNCyp70xik=
github.com/eclipse/paho.mqtt.golang v1.4.3/go.mod h1:CSYvoAlsMkhYOXh/oKyxa8EcBci6dVkLCbo5tTC1RIE=
github.com/gomarkdown/markdown v0.0.0-20230912175223-14b07df9d538 h1:ePDpFu7l0QUV46/9A7icfL2wvIOzTJLCWh4RO2NECzE=
github.com/gomarkdown/markdown v0.0.0-20230912175223-14b07df9d538/go.mod h1:JDGcbDT52eL4fju3sZ4TeHGsQwhG9nbDV21aMyhwPoA=
github.com/gorilla/websocket v1.5.0 h1:PPwGk2jz7EePpoHN/+ClbZu8SPxiqlu12wZP/3sWmnc=
github.com/gorilla/websocket v1.5.0/go.mod h1:YR8l580nyteQvAITg2hZ9XVh4b55+EU/adAjf1fMHhE=
github.com/pmezard/go-difflib v1.0.0 h1:4DBwDE0NGyQoBHbLQYPwSUPoCMWR5BEzIk/f1lZbAQM=
github.com/sasha-s/go-csync v0.0.0-20210812194225-61421b77c44b h1:qYTY2tN72LhgDj2rtWG+LI6TXFl2ygFQQ4YezfVaGQE=
github.com/sasha-s/go-csync v0.0.0-20210812194225-61421b77c44b/go.mod h1:/pA7k3zsXKdjjAiUhB5CjuKib9KJGCaLvZwtxGC8U0s=
github.com/stretchr/testify v1.8.1 h1:w7B6lhMri9wdJUVmEZPGGhZzrYTPvgJArz7wNPgYKsk=
github.com/wneessen/go-mail v0.4.0 h1:Oo4HLIV8My7G9JuZkoOX6eipXQD+ACvIqURYeIzUc88=
github.com/wneessen/go-mail v0.4.0/go.mod h1:zxOlafWCP/r6FEhAaRgH4IC1vg2YXxO0Nar9u0IScZ8=
golang.org/x/exp v0.0.0-20230905200255-921286631fa9 h1:GoHiUyI/Tp2nVkLI2mCxVkOjsbSXD66ic0XW0js0R9g=
golang.org/x/exp v0.0.0-20230905200255-921286631fa9/go.mod h1:S2oDrQGGwySpoQPVqRShND87VCbxmc6bL1Yd2oYrm6k=
golang.org/x/net v0.15.0 h1:ugBLEUaxABaB5AJqW9enI0ACdci2RUd4eP51NTBvuJ8=
golang.org/x/net v0.15.0/go.mod h1:idbUs1IY1+zTqbi8yxTbhexhEEk5ur9LInksu6HrEpk=
golang.org/x/sync v0.3.0 h1:ftCYgMx6zT/asHUrPw8BLLscYtGznsLAnjq5RH9P66E=
golang.org/x/sync v0.3.0/go.mod h1:FU7BRWz2tNW+3quACPkgCx/L+uEAv1htQ0V83Z9Rj+Y=
gopkg.in/check.v1 v0.0.0-20161208181325-20d25e280405 h1:yhCVgyC4o1eVCa2tZl7eS0r+SDo693bJlVdllGtEeKM=
gopkg.in/check.v1 v0.0.0-20161208181325-20d25e280405/go.mod h1:Co6ibVJAznAaIkqp8huTwlJQCZ016jof/cbN4VW5Yz0=
gopkg.in/yaml.v3 v3.0.1 h1:fxVm/GzAzEWqLHuvctI91KS9hhNmmWOoWu0XTYJS7CA=
gopkg.in/yaml.v3 v3.0.1/go.mod h1:K4uyk7z7BCEPqu6E+C64Yfv1cQ7kz7rIZviUmN+EgEM=
